
Microsoft Visual Studio Solution File, Format Version 12.00
# Visual Studio 2012
Project("{D954291E-2A0B-460D-934E-DC6B0785DB48}") = "test170415", "test170415\test170415.shproj", "{A9A4D268-7F5D-4058-9F03-B2D703E91225}"
EndProject
Project("{FAE04EC0-301F-11D3-BF4B-00C04F79EFBC}") = "test170415.iOS", "iOS\test170415.iOS.csproj", "{8745DC0F-15EE-4E5B-AC32-1C09E05529C4}"
EndProject
Project("{FAE04EC0-301F-11D3-BF4B-00C04F79EFBC}") = "test170415.Droid", "Droid\test170415.Droid.csproj", "{F8DB9506-AD00-4121-9E10-649A4F9DC64D}"
EndProject
Project("{FAE04EC0-301F-11D3-BF4B-00C04F79EFBC}") = "test170415.MobileAppService", "MobileAppService\test170415.MobileAppService.csproj", "{1D26F200-DA1C-4A25-97A8-2BB894931C33}"
EndProject
Global
	GlobalSection(SolutionConfigurationPlatforms) = preSolution
		Debug|iPhoneSimulator = Debug|iPhoneSimulator
		Release|iPhone = Release|iPhone
		Release|iPhoneSimulator = Release|iPhoneSimulator
		Debug|iPhone = Debug|iPhone
		Debug|Any CPU = Debug|Any CPU
		Release|Any CPU = Release|Any CPU
	EndGlobalSection
	GlobalSection(ProjectConfigurationPlatforms) = postSolution
		{8745DC0F-15EE-4E5B-AC32-1C09E05529C4}.Debug|iPhoneSimulator.ActiveCfg = Debug|iPhoneSimulator
		{8745DC0F-15EE-4E5B-AC32-1C09E05529C4}.Debug|iPhoneSimulator.Build.0 = Debug|iPhoneSimulator
		{8745DC0F-15EE-4E5B-AC32-1C09E05529C4}.Release|iPhone.ActiveCfg = Release|iPhone
		{8745DC0F-15EE-4E5B-AC32-1C09E05529C4}.Release|iPhone.Build.0 = Release|iPhone
		{8745DC0F-15EE-4E5B-AC32-1C09E05529C4}.Release|iPhoneSimulator.ActiveCfg = Release|iPhoneSimulator
		{8745DC0F-15EE-4E5B-AC32-1C09E05529C4}.Release|iPhoneSimulator.Build.0 = Release|iPhoneSimulator
		{8745DC0F-15EE-4E5B-AC32-1C09E05529C4}.Debug|iPhone.ActiveCfg = Debug|iPhone
		{8745DC0F-15EE-4E5B-AC32-1C09E05529C4}.Debug|iPhone.Build.0 = Debug|iPhone
		{8745DC0F-15EE-4E5B-AC32-1C09E05529C4}.Debug|Any CPU.ActiveCfg = Debug|iPhoneSimulator
		{8745DC0F-15EE-4E5B-AC32-1C09E05529C4}.Debug|Any CPU.Build.0 = Debug|iPhoneSimulator
		{8745DC0F-15EE-4E5B-AC32-1C09E05529C4}.Release|Any CPU.ActiveCfg = Release|iPhone
		{8745DC0F-15EE-4E5B-AC32-1C09E05529C4}.Release|Any CPU.Build.0 = Release|iPhone
		{F8DB9506-AD00-4121-9E10-649A4F9DC64D}.Debug|iPhoneSimulator.ActiveCfg = Debug|Any CPU
		{F8DB9506-AD00-4121-9E10-649A4F9DC64D}.Debug|iPhoneSimulator.Build.0 = Debug|Any CPU
		{F8DB9506-AD00-4121-9E10-649A4F9DC64D}.Release|iPhone.ActiveCfg = Release|Any CPU
		{F8DB9506-AD00-4121-9E10-649A4F9DC64D}.Release|iPhone.Build.0 = Release|Any CPU
		{F8DB9506-AD00-4121-9E10-649A4F9DC64D}.Release|iPhoneSimulator.ActiveCfg = Release|Any CPU
		{F8DB9506-AD00-4121-9E10-649A4F9DC64D}.Release|iPhoneSimulator.Build.0 = Release|Any CPU
		{F8DB9506-AD00-4121-9E10-649A4F9DC64D}.Debug|iPhone.ActiveCfg = Debug|Any CPU
		{F8DB9506-AD00-4121-9E10-649A4F9DC64D}.Debug|iPhone.Build.0 = Debug|Any CPU
		{F8DB9506-AD00-4121-9E10-649A4F9DC64D}.Debug|Any CPU.ActiveCfg = Debug|Any CPU
		{F8DB9506-AD00-4121-9E10-649A4F9DC64D}.Debug|Any CPU.Build.0 = Debug|Any CPU
		{F8DB9506-AD00-4121-9E10-649A4F9DC64D}.Release|Any CPU.ActiveCfg = Release|Any CPU
		{F8DB9506-AD00-4121-9E10-649A4F9DC64D}.Release|Any CPU.Build.0 = Release|Any CPU
		{1D26F200-DA1C-4A25-97A8-2BB894931C33}.Debug|iPhoneSimulator.ActiveCfg = Debug|Any CPU
		{1D26F200-DA1C-4A25-97A8-2BB894931C33}.Debug|iPhoneSimulator.Build.0 = Debug|Any CPU
		{1D26F200-DA1C-4A25-97A8-2BB894931C33}.Release|iPhone.ActiveCfg = Release|Any CPU
		{1D26F200-DA1C-4A25-97A8-2BB894931C33}.Release|iPhone.Build.0 = Release|Any CPU
		{1D26F200-DA1C-4A25-97A8-2BB894931C33}.Release|iPhoneSimulator.ActiveCfg = Release|Any CPU
		{1D26F200-DA1C-4A25-97A8-2BB894931C33}.Release|iPhoneSimulator.Build.0 = Release|Any CPU
		{1D26F200-DA1C-4A25-97A8-2BB894931C33}.Debug|iPhone.ActiveCfg = Debug|Any CPU
		{1D26F200-DA1C-4A25-97A8-2BB894931C33}.Debug|iPhone.Build.0 = Debug|Any CPU
		{1D26F200-DA1C-4A25-97A8-2BB894931C33}.Debug|Any CPU.ActiveCfg = Debug|Any CPU
		{1D26F200-DA1C-4A25-97A8-2BB894931C33}.Debug|Any CPU.Build.0 = Debug|Any CPU
		{1D26F200-DA1C-4A25-97A8-2BB894931C33}.Release|Any CPU.ActiveCfg = Release|Any CPU
		{1D26F200-DA1C-4A25-97A8-2BB894931C33}.Release|Any CPU.Build.0 = Release|Any CPU
	EndGlobalSection
EndGlobal
